
Microsoft Visual Studio Solution File, Format Version 12.00
# Visual Studio 14
VisualStudioVersion = 14.0.25420.1
MinimumVisualStudioVersion = 10.0.40219.1
Project("{FAE04EC0-301F-11D3-BF4B-00C04F79EFBC}") = "SeLoger.Lab.Playground.Droid", "SeLoger.Lab.Playground.Droid\SeLoger.Lab.Playground.Droid.csproj", "{74CEE68A-9A8A-4D10-8B23-8B22DB7D65FB}"
EndProject
Project("{FAE04EC0-301F-11D3-BF4B-00C04F79EFBC}") = "SeLoger.Lab.Playground", "SeLoger.Lab.Playground\SeLoger.Lab.Playground.csproj", "{0D4809C0-6BEA-4801-A7C6-F4BC43BB828E}"
EndProject
Global
	GlobalSection(SolutionConfigurationPlatforms) = preSolution
		Debug|Any CPU = Debug|Any CPU
		Debug|ARM = Debug|ARM
		Debug|iPhone = Debug|iPhone
		Debug|iPhoneSimulator = Debug|iPhoneSimulator
		Debug|x86 = Debug|x86
		Local|Any CPU = Local|Any CPU
		Local|ARM = Local|ARM
		Local|iPhone = Local|iPhone
		Local|iPhoneSimulator = Local|iPhoneSimulator
		Local|x86 = Local|x86
		Release|Any CPU = Release|Any CPU
		Release|ARM = Release|ARM
		Release|iPhone = Release|iPhone
		Release|iPhoneSimulator = Release|iPhoneSimulator
		Release|x86 = Release|x86
	EndGlobalSection
	GlobalSection(ProjectConfigurationPlatforms) = postSolution
		{74CEE68A-9A8A-4D10-8B23-8B22DB7D65FB}.Debug|Any CPU.ActiveCfg = Debug|Any CPU
		{74CEE68A-9A8A-4D10-8B23-8B22DB7D65FB}.Debug|Any CPU.Build.0 = Debug|Any CPU
		{74CEE68A-9A8A-4D10-8B23-8B22DB7D65FB}.Debug|Any CPU.Deploy.0 = Debug|Any CPU
		{74CEE68A-9A8A-4D10-8B23-8B22DB7D65FB}.Debug|ARM.ActiveCfg = Debug|Any CPU
		{74CEE68A-9A8A-4D10-8B23-8B22DB7D65FB}.Debug|ARM.Build.0 = Debug|Any CPU
		{74CEE68A-9A8A-4D10-8B23-8B22DB7D65FB}.Debug|ARM.Deploy.0 = Debug|Any CPU
		{74CEE68A-9A8A-4D10-8B23-8B22DB7D65FB}.Debug|iPhone.ActiveCfg = Debug|Any CPU
		{74CEE68A-9A8A-4D10-8B23-8B22DB7D65FB}.Debug|iPhone.Build.0 = Debug|Any CPU
		{74CEE68A-9A8A-4D10-8B23-8B22DB7D65FB}.Debug|iPhone.Deploy.0 = Debug|Any CPU
		{74CEE68A-9A8A-4D10-8B23-8B22DB7D65FB}.Debug|iPhoneSimulator.ActiveCfg = Debug|Any CPU
		{74CEE68A-9A8A-4D10-8B23-8B22DB7D65FB}.Debug|iPhoneSimulator.Build.0 = Debug|Any CPU
		{74CEE68A-9A8A-4D10-8B23-8B22DB7D65FB}.Debug|iPhoneSimulator.Deploy.0 = Debug|Any CPU
		{74CEE68A-9A8A-4D10-8B23-8B22DB7D65FB}.Debug|x86.ActiveCfg = Debug|Any CPU
		{74CEE68A-9A8A-4D10-8B23-8B22DB7D65FB}.Debug|x86.Build.0 = Debug|Any CPU
		{74CEE68A-9A8A-4D10-8B23-8B22DB7D65FB}.Debug|x86.Deploy.0 = Debug|Any CPU
		{74CEE68A-9A8A-4D10-8B23-8B22DB7D65FB}.Local|Any CPU.ActiveCfg = Debug|Any CPU
		{74CEE68A-9A8A-4D10-8B23-8B22DB7D65FB}.Local|Any CPU.Build.0 = Debug|Any CPU
		{74CEE68A-9A8A-4D10-8B23-8B22DB7D65FB}.Local|Any CPU.Deploy.0 = Debug|Any CPU
		{74CEE68A-9A8A-4D10-8B23-8B22DB7D65FB}.Local|ARM.ActiveCfg = Release|Any CPU
		{74CEE68A-9A8A-4D10-8B23-8B22DB7D65FB}.Local|ARM.Build.0 = Release|Any CPU
		{74CEE68A-9A8A-4D10-8B23-8B22DB7D65FB}.Local|ARM.Deploy.0 = Release|Any CPU
		{74CEE68A-9A8A-4D10-8B23-8B22DB7D65FB}.Local|iPhone.ActiveCfg = Release|Any CPU
		{74CEE68A-9A8A-4D10-8B23-8B22DB7D65FB}.Local|iPhone.Build.0 = Release|Any CPU
		{74CEE68A-9A8A-4D10-8B23-8B22DB7D65FB}.Local|iPhone.Deploy.0 = Release|Any CPU
		{74CEE68A-9A8A-4D10-8B23-8B22DB7D65FB}.Local|iPhoneSimulator.ActiveCfg = Release|Any CPU
		{74CEE68A-9A8A-4D10-8B23-8B22DB7D65FB}.Local|iPhoneSimulator.Build.0 = Release|Any CPU
		{74CEE68A-9A8A-4D10-8B23-8B22DB7D65FB}.Local|iPhoneSimulator.Deploy.0 = Release|Any CPU
		{74CEE68A-9A8A-4D10-8B23-8B22DB7D65FB}.Local|x86.ActiveCfg = Release|Any CPU
		{74CEE68A-9A8A-4D10-8B23-8B22DB7D65FB}.Local|x86.Build.0 = Release|Any CPU
		{74CEE68A-9A8A-4D10-8B23-8B22DB7D65FB}.Local|x86.Deploy.0 = Release|Any CPU
		{74CEE68A-9A8A-4D10-8B23-8B22DB7D65FB}.Release|Any CPU.ActiveCfg = Release|Any CPU
		{74CEE68A-9A8A-4D10-8B23-8B22DB7D65FB}.Release|Any CPU.Build.0 = Release|Any CPU
		{74CEE68A-9A8A-4D10-8B23-8B22DB7D65FB}.Release|Any CPU.Deploy.0 = Release|Any CPU
		{74CEE68A-9A8A-4D10-8B23-8B22DB7D65FB}.Release|ARM.ActiveCfg = Release|Any CPU
		{74CEE68A-9A8A-4D10-8B23-8B22DB7D65FB}.Release|ARM.Build.0 = Release|Any CPU
		{74CEE68A-9A8A-4D10-8B23-8B22DB7D65FB}.Release|ARM.Deploy.0 = Release|Any CPU
		{74CEE68A-9A8A-4D10-8B23-8B22DB7D65FB}.Release|iPhone.ActiveCfg = Release|Any CPU
		{74CEE68A-9A8A-4D10-8B23-8B22DB7D65FB}.Release|iPhone.Build.0 = Release|Any CPU
		{74CEE68A-9A8A-4D10-8B23-8B22DB7D65FB}.Release|iPhone.Deploy.0 = Release|Any CPU
		{74CEE68A-9A8A-4D10-8B23-8B22DB7D65FB}.Release|iPhoneSimulator.ActiveCfg = Release|Any CPU
		{74CEE68A-9A8A-4D10-8B23-8B22DB7D65FB}.Release|iPhoneSimulator.Build.0 = Release|Any CPU
		{74CEE68A-9A8A-4D10-8B23-8B22DB7D65FB}.Release|iPhoneSimulator.Deploy.0 = Release|Any CPU
		{74CEE68A-9A8A-4D10-8B23-8B22DB7D65FB}.Release|x86.ActiveCfg = Release|Any CPU
		{74CEE68A-9A8A-4D10-8B23-8B22DB7D65FB}.Release|x86.Build.0 = Release|Any CPU
		{74CEE68A-9A8A-4D10-8B23-8B22DB7D65FB}.Release|x86.Deploy.0 = Release|Any CPU
		{0D4809C0-6BEA-4801-A7C6-F4BC43BB828E}.Debug|Any CPU.ActiveCfg = Debug|Any CPU
		{0D4809C0-6BEA-4801-A7C6-F4BC43BB828E}.Debug|Any CPU.Build.0 = Debug|Any CPU
		{0D4809C0-6BEA-4801-A7C6-F4BC43BB828E}.Debug|ARM.ActiveCfg = Debug|Any CPU
		{0D4809C0-6BEA-4801-A7C6-F4BC43BB828E}.Debug|ARM.Build.0 = Debug|Any CPU
		{0D4809C0-6BEA-4801-A7C6-F4BC43BB828E}.Debug|iPhone.ActiveCfg = Debug|Any CPU
		{0D4809C0-6BEA-4801-A7C6-F4BC43BB828E}.Debug|iPhone.Build.0 = Debug|Any CPU
		{0D4809C0-6BEA-4801-A7C6-F4BC43BB828E}.Debug|iPhoneSimulator.ActiveCfg = Debug|Any CPU
		{0D4809C0-6BEA-4801-A7C6-F4BC43BB828E}.Debug|iPhoneSimulator.Build.0 = Debug|Any CPU
		{0D4809C0-6BEA-4801-A7C6-F4BC43BB828E}.Debug|x86.ActiveCfg = Debug|Any CPU
		{0D4809C0-6BEA-4801-A7C6-F4BC43BB828E}.Debug|x86.Build.0 = Debug|Any CPU
		{0D4809C0-6BEA-4801-A7C6-F4BC43BB828E}.Local|Any CPU.ActiveCfg = Local|Any CPU
		{0D4809C0-6BEA-4801-A7C6-F4BC43BB828E}.Local|Any CPU.Build.0 = Local|Any CPU
		{0D4809C0-6BEA-4801-A7C6-F4BC43BB828E}.Local|ARM.ActiveCfg = Local|Any CPU
		{0D4809C0-6BEA-4801-A7C6-F4BC43BB828E}.Local|ARM.Build.0 = Local|Any CPU
		{0D4809C0-6BEA-4801-A7C6-F4BC43BB828E}.Local|iPhone.ActiveCfg = Local|Any CPU
		{0D4809C0-6BEA-4801-A7C6-F4BC43BB828E}.Local|iPhone.Build.0 = Local|Any CPU
		{0D4809C0-6BEA-4801-A7C6-F4BC43BB828E}.Local|iPhoneSimulator.ActiveCfg = Local|Any CPU
		{0D4809C0-6BEA-4801-A7C6-F4BC43BB828E}.Local|iPhoneSimulator.Build.0 = Local|Any CPU
		{0D4809C0-6BEA-4801-A7C6-F4BC43BB828E}.Local|x86.ActiveCfg = Local|Any CPU
		{0D4809C0-6BEA-4801-A7C6-F4BC43BB828E}.Local|x86.Build.0 = Local|Any CPU
		{0D4809C0-6BEA-4801-A7C6-F4BC43BB828E}.Release|Any CPU.ActiveCfg = Release|Any CPU
		{0D4809C0-6BEA-4801-A7C6-F4BC43BB828E}.Release|Any CPU.Build.0 = Release|Any CPU
		{0D4809C0-6BEA-4801-A7C6-F4BC43BB828E}.Release|ARM.ActiveCfg = Release|Any CPU
		{0D4809C0-6BEA-4801-A7C6-F4BC43BB828E}.Release|ARM.Build.0 = Release|Any CPU
		{0D4809C0-6BEA-4801-A7C6-F4BC43BB828E}.Release|iPhone.ActiveCfg = Release|Any CPU
		{0D4809C0-6BEA-4801-A7C6-F4BC43BB828E}.Release|iPhone.Build.0 = Release|Any CPU
		{0D4809C0-6BEA-4801-A7C6-F4BC43BB828E}.Release|iPhoneSimulator.ActiveCfg = Release|Any CPU
		{0D4809C0-6BEA-4801-A7C6-F4BC43BB828E}.Release|iPhoneSimulator.Build.0 = Release|Any CPU
		{0D4809C0-6BEA-4801-A7C6-F4BC43BB828E}.Release|x86.ActiveCfg = Release|Any CPU
		{0D4809C0-6BEA-4801-A7C6-F4BC43BB828E}.Release|x86.Build.0 = Release|Any CPU
	EndGlobalSection
	GlobalSection(SolutionProperties) = preSolution
		HideSolutionNode = FALSE
	EndGlobalSection
EndGlobal
